// !$*UTF8*$!
{
	archiveVersion = 1;
	classes = {
	};
	objectVersion = 77;
	objects = {

/* Begin PBXBuildFile section */
		0E74C3C5FC51173D70DD9316 /* TranslatorViewModel.swift in Sources */ = {isa = PBXBuildFile; fileRef = 1362456D07AB31D675B60C36 /* TranslatorViewModel.swift */; };
		214801F8141C3B95C562BAA3 /* TranslationService.swift in Sources */ = {isa = PBXBuildFile; fileRef = A288AF10E927751E837D367E /* TranslationService.swift */; };
		36B34A9962D41F2049E99E30 /* PrivacyInfo.xcprivacy in Resources */ = {isa = PBXBuildFile; fileRef = 96904C697847B9EA41F282A4 /* PrivacyInfo.xcprivacy */; };
		6A8128A95AE5A0988ED26051 /* SpeechRecognitionManager.swift in Sources */ = {isa = PBXBuildFile; fileRef = A3D485C56B970A028B60FA5F /* SpeechRecognitionManager.swift */; };
		86D00CF2326856B7877C34C4 /* ContentView.swift in Sources */ = {isa = PBXBuildFile; fileRef = EB8CA42D7FE6D5B2CEC5C640 /* ContentView.swift */; };
		891B490510005D5BC5B7C9DF /* Assets.xcassets in Resources */ = {isa = PBXBuildFile; fileRef = A10F82319EBBC0D9EB4A7482 /* Assets.xcassets */; };
		938F859CB31060FDB9AA8105 /* AudioSessionManager.swift in Sources */ = {isa = PBXBuildFile; fileRef = F0D6C7EC3A07F3D7842DA6F1 /* AudioSessionManager.swift */; };
		C9546F6C9E1013D34D9AB73F /* TTSManager.swift in Sources */ = {isa = PBXBuildFile; fileRef = A66EA5744A2649D7BB222F31 /* TTSManager.swift */; };
		F86E4EBE407930FA988FE43C /* EarTranslatorApp.swift in Sources */ = {isa = PBXBuildFile; fileRef = 150A9E2148543410C4A85A75 /* EarTranslatorApp.swift */; };
/* End PBXBuildFile section */

/* Begin PBXFileReference section */
		1362456D07AB31D675B60C36 /* TranslatorViewModel.swift */ = {isa = PBXFileReference; lastKnownFileType = sourcecode.swift; path = TranslatorViewModel.swift; sourceTree = "<group>"; };
		150A9E2148543410C4A85A75 /* EarTranslatorApp.swift */ = {isa = PBXFileReference; lastKnownFileType = sourcecode.swift; path = EarTranslatorApp.swift; sourceTree = "<group>"; };
		28B6BD756D689A16A37FA2F6 /* EarTranslator.app */ = {isa = PBXFileReference; explicitFileType = wrapper.application; includeInIndex = 0; path = EarTranslator.app; sourceTree = BUILT_PRODUCTS_DIR; };
		96904C697847B9EA41F282A4 /* PrivacyInfo.xcprivacy */ = {isa = PBXFileReference; lastKnownFileType = text.xml; path = PrivacyInfo.xcprivacy; sourceTree = "<group>"; };
		A10F82319EBBC0D9EB4A7482 /* Assets.xcassets */ = {isa = PBXFileReference; lastKnownFileType = folder.assetcatalog; path = Assets.xcassets; sourceTree = "<group>"; };
		A288AF10E927751E837D367E /* TranslationService.swift */ = {isa = PBXFileReference; lastKnownFileType = sourcecode.swift; path = TranslationService.swift; sourceTree = "<group>"; };
		A3D485C56B970A028B60FA5F /* SpeechRecognitionManager.swift */ = {isa = PBXFileReference; lastKnownFileType = sourcecode.swift; path = SpeechRecognitionManager.swift; sourceTree = "<group>"; };
		A66EA5744A2649D7BB222F31 /* TTSManager.swift */ = {isa = PBXFileReference; lastKnownFileType = sourcecode.swift; path = TTSManager.swift; sourceTree = "<group>"; };
		C919A3463DE6483531885549 /* Info.plist */ = {isa = PBXFileReference; lastKnownFileType = text.plist; path = Info.plist; sourceTree = "<group>"; };
		EB8CA42D7FE6D5B2CEC5C640 /* ContentView.swift */ = {isa = PBXFileReference; lastKnownFileType = sourcecode.swift; path = ContentView.swift; sourceTree = "<group>"; };
		F0D6C7EC3A07F3D7842DA6F1 /* AudioSessionManager.swift */ = {isa = PBXFileReference; lastKnownFileType = sourcecode.swift; path = AudioSessionManager.swift; sourceTree = "<group>"; };
/* End PBXFileReference section */

/* Begin PBXGroup section */
		16124EBCF0E3CF3DC4CBE619 /* ViewModels */ = {
			isa = PBXGroup;
			children = (
				1362456D07AB31D675B60C36 /* TranslatorViewModel.swift */,
			);
			path = ViewModels;
			sourceTree = "<group>";
		};
		2D9272EFF8522839590B09EC = {
			isa = PBXGroup;
			children = (
				4480B0CCE19FE260F9291AA6 /* EarTranslator */,
				98C3E442C534FC345241AA5F /* Products */,
			);
			sourceTree = "<group>";
		};
		4480B0CCE19FE260F9291AA6 /* EarTranslator */ = {
			isa = PBXGroup;
			children = (
				A10F82319EBBC0D9EB4A7482 /* Assets.xcassets */,
				EB8CA42D7FE6D5B2CEC5C640 /* ContentView.swift */,
				150A9E2148543410C4A85A75 /* EarTranslatorApp.swift */,
				C919A3463DE6483531885549 /* Info.plist */,
				96904C697847B9EA41F282A4 /* PrivacyInfo.xcprivacy */,
				A1D543D4D1F3D4C5016F844F /* Managers */,
				94B863C6AC970AAA0B99F3CE /* Services */,
				16124EBCF0E3CF3DC4CBE619 /* ViewModels */,
			);
			path = EarTranslator;
			sourceTree = "<group>";
		};
		94B863C6AC970AAA0B99F3CE /* Services */ = {
			isa = PBXGroup;
			children = (
				A3D485C56B970A028B60FA5F /* SpeechRecognitionManager.swift */,
				A288AF10E927751E837D367E /* TranslationService.swift */,
				A66EA5744A2649D7BB222F31 /* TTSManager.swift */,
			);
			path = Services;
			sourceTree = "<group>";
		};
		98C3E442C534FC345241AA5F /* Products */ = {
			isa = PBXGroup;
			children = (
				28B6BD756D689A16A37FA2F6 /* EarTranslator.app */,
			);
			name = Products;
			sourceTree = "<group>";
		};
		A1D543D4D1F3D4C5016F844F /* Managers */ = {
			isa = PBXGroup;
			children = (
				F0D6C7EC3A07F3D7842DA6F1 /* AudioSessionManager.swift */,
			);
			path = Managers;
			sourceTree = "<group>";
		};
/* End PBXGroup section */

/* Begin PBXNativeTarget section */
		003273AFEDC78AF7E93D22A0 /* EarTranslator */ = {
			isa = PBXNativeTarget;
			buildConfigurationList = 6E14614147AE15CB1DCC60A8 /* Build configuration list for PBXNativeTarget "EarTranslator" */;
			buildPhases = (
				C11C93E3F411CAE1F4D86A7E /* Sources */,
				1378819493725D7D7E69FE37 /* Resources */,
			);
			buildRules = (
			);
			dependencies = (
			);
			name = EarTranslator;
			packageProductDependencies = (
			);
			productName = EarTranslator;
			productReference = 28B6BD756D689A16A37FA2F6 /* EarTranslator.app */;
			productType = "com.apple.product-type.application";
		};
/* End PBXNativeTarget section */

/* Begin PBXProject section */
		37195F08AAF8ED635A307674 /* Project object */ = {
			isa = PBXProject;
			attributes = {
				BuildIndependentTargetsInParallel = YES;
				LastUpgradeCheck = 1600;
			};
			buildConfigurationList = 5F448C3B4DEB65C2E2E2C9AC /* Build configuration list for PBXProject "EarTranslator" */;
			developmentRegion = en;
			hasScannedForEncodings = 0;
			knownRegions = (
				Base,
				en,
			);
			mainGroup = 2D9272EFF8522839590B09EC;
			minimizedProjectReferenceProxies = 1;
			preferredProjectObjectVersion = 77;
			productRefGroup = 98C3E442C534FC345241AA5F /* Products */;
			projectDirPath = "";
			projectRoot = "";
			targets = (
				003273AFEDC78AF7E93D22A0 /* EarTranslator */,
			);
		};
/* End PBXProject section */

/* Begin PBXResourcesBuildPhase section */
		1378819493725D7D7E69FE37 /* Resources */ = {
			isa = PBXResourcesBuildPhase;
			buildActionMask = 2147483647;
			files = (
				891B490510005D5BC5B7C9DF /* Assets.xcassets in Resources */,
				36B34A9962D41F2049E99E30 /* PrivacyInfo.xcprivacy in Resources */,
			);
			runOnlyForDeploymentPostprocessing = 0;
		};
/* End PBXResourcesBuildPhase section */

/* Begin PBXSourcesBuildPhase section */
		C11C93E3F411CAE1F4D86A7E /* Sources */ = {
			isa = PBXSourcesBuildPhase;
			buildActionMask = 2147483647;
			files = (
				938F859CB31060FDB9AA8105 /* AudioSessionManager.swift in Sources */,
				86D00CF2326856B7877C34C4 /* ContentView.swift in Sources */,
				F86E4EBE407930FA988FE43C /* EarTranslatorApp.swift in Sources */,
				6A8128A95AE5A0988ED26051 /* SpeechRecognitionManager.swift in Sources */,
				C9546F6C9E1013D34D9AB73F /* TTSManager.swift in Sources */,
				214801F8141C3B95C562BAA3 /* TranslationService.swift in Sources */,
				0E74C3C5FC51173D70DD9316 /* TranslatorViewModel.swift in Sources */,
			);
			runOnlyForDeploymentPostprocessing = 0;
		};
/* End PBXSourcesBuildPhase section */

/* Begin XCBuildConfiguration section */
		0CD7FC061193CA5BACF6CF8A /* Debug */ = {
			isa = XCBuildConfiguration;
			buildSettings = {
				ALWAYS_SEARCH_USER_PATHS = NO;
				CLANG_ANALYZER_NONNULL = YES;
				CLANG_ANALYZER_NUMBER_OBJECT_CONVERSION = YES_AGGRESSIVE;
				CLANG_CXX_LANGUAGE_STANDARD = "gnu++14";
				CLANG_CXX_LIBRARY = "libc++";
				CLANG_ENABLE_MODULES = YES;
				CLANG_ENABLE_OBJC_ARC = YES;
				CLANG_ENABLE_OBJC_WEAK = YES;
				CLANG_WARN_BLOCK_CAPTURE_AUTORELEASING = YES;
				CLANG_WARN_BOOL_CONVERSION = YES;
				CLANG_WARN_COMMA = YES;
				CLANG_WARN_CONSTANT_CONVERSION = YES;
				CLANG_WARN_DEPRECATED_OBJC_IMPLEMENTATIONS = YES;
				CLANG_WARN_DIRECT_OBJC_ISA_USAGE = YES_ERROR;
				CLANG_WARN_DOCUMENTATION_COMMENTS = YES;
				CLANG_WARN_EMPTY_BODY = YES;
				CLANG_WARN_ENUM_CONVERSION = YES;
				CLANG_WARN_INFINITE_RECURSION = YES;
				CLANG_WARN_INT_CONVERSION = YES;
				CLANG_WARN_NON_LITERAL_NULL_CONVERSION = YES;
				CLANG_WARN_OBJC_IMPLICIT_RETAIN_SELF = YES;
				CLANG_WARN_OBJC_LITERAL_CONVERSION = YES;
				CLANG_WARN_OBJC_ROOT_CLASS = YES_ERROR;
				CLANG_WARN_QUOTED_INCLUDE_IN_FRAMEWORK_HEADER = YES;
				CLANG_WARN_RANGE_LOOP_ANALYSIS = YES;
				CLANG_WARN_STRICT_PROTOTYPES = YES;
				CLANG_WARN_SUSPICIOUS_MOVE = YES;
				CLANG_WARN_UNGUARDED_AVAILABILITY = YES_AGGRESSIVE;
				CLANG_WARN_UNREACHABLE_CODE = YES;
				CLANG_WARN__DUPLICATE_METHOD_MATCH = YES;
				COPY_PHASE_STRIP = NO;
				DEBUG_INFORMATION_FORMAT = dwarf;
				ENABLE_STRICT_OBJC_MSGSEND = YES;
				ENABLE_TESTABILITY = YES;
				GCC_C_LANGUAGE_STANDARD = gnu11;
				GCC_DYNAMIC_NO_PIC = NO;
				GCC_NO_COMMON_BLOCKS = YES;
				GCC_OPTIMIZATION_LEVEL = 0;
				GCC_PREPROCESSOR_DEFINITIONS = (
					"$(inherited)",
					"DEBUG=1",
				);
				GCC_WARN_64_TO_32_BIT_CONVERSION = YES;
				GCC_WARN_ABOUT_RETURN_TYPE = YES_ERROR;
				GCC_WARN_UNDECLARED_SELECTOR = YES;
				GCC_WARN_UNINITIALIZED_AUTOS = YES_AGGRESSIVE;
				GCC_WARN_UNUSED_FUNCTION = YES;
				GCC_WARN_UNUSED_VARIABLE = YES;
				IPHONEOS_DEPLOYMENT_TARGET = 18.0;
				MTL_ENABLE_DEBUG_INFO = INCLUDE_SOURCE;
				MTL_FAST_MATH = YES;
				ONLY_ACTIVE_ARCH = YES;
				PRODUCT_NAME = "$(TARGET_NAME)";
				SDKROOT = iphoneos;
				SWIFT_ACTIVE_COMPILATION_CONDITIONS = DEBUG;
				SWIFT_OPTIMIZATION_LEVEL = "-Onone";
				SWIFT_VERSION = 5.0;
			};
			name = Debug;
		};
		497B3361D954F2AE56D801DC /* Release */ = {
			isa = XCBuildConfiguration;
			buildSettings = {
				ASSETCATALOG_COMPILER_APPICON_NAME = AppIcon;
				CODE_SIGN_IDENTITY = "iPhone Distribution";
				DEVELOPMENT_TEAM = JRZKVR9C95;
				INFOPLIST_FILE = EarTranslator/Info.plist;
				IPHONEOS_DEPLOYMENT_TARGET = 18.0;
				LD_RUNPATH_SEARCH_PATHS = (
					"$(inherited)",
					"@executable_path/Frameworks",
				);
				PRODUCT_BUNDLE_IDENTIFIER = com.earapp.EarTranslator;
				SDKROOT = iphoneos;
				SWIFT_VERSION = 5.9;
				TARGETED_DEVICE_FAMILY = 1;
			};
			name = Release;
		};
		67B6EE75ABA7EC7944372BD3 /* Release */ = {
			isa = XCBuildConfiguration;
			buildSettings = {
				ALWAYS_SEARCH_USER_PATHS = NO;
				CLANG_ANALYZER_NONNULL = YES;
				CLANG_ANALYZER_NUMBER_OBJECT_CONVERSION = YES_AGGRESSIVE;
				CLANG_CXX_LANGUAGE_STANDARD = "gnu++14";
				CLANG_CXX_LIBRARY = "libc++";
				CLANG_ENABLE_MODULES = YES;
				CLANG_ENABLE_OBJC_ARC = YES;
				CLANG_ENABLE_OBJC_WEAK = YES;
				CLANG_WARN_BLOCK_CAPTURE_AUTORELEASING = YES;
				CLANG_WARN_BOOL_CONVERSION = YES;
				CLANG_WARN_COMMA = YES;
				CLANG_WARN_CONSTANT_CONVERSION = YES;
				CLANG_WARN_DEPRECATED_OBJC_IMPLEMENTATIONS = YES;
				CLANG_WARN_DIRECT_OBJC_ISA_USAGE = YES_ERROR;
				CLANG_WARN_DOCUMENTATION_COMMENTS = YES;
				CLANG_WARN_EMPTY_BODY = YES;
				CLANG_WARN_ENUM_CONVERSION = YES;
				CLANG_WARN_INFINITE_RECURSION = YES;
				CLANG_WARN_INT_CONVERSION = YES;
				CLANG_WARN_NON_LITERAL_NULL_CONVERSION = YES;
				CLANG_WARN_OBJC_IMPLICIT_RETAIN_SELF = YES;
				CLANG_WARN_OBJC_LITERAL_CONVERSION = YES;
				CLANG_WARN_OBJC_ROOT_CLASS = YES_ERROR;
				CLANG_WARN_QUOTED_INCLUDE_IN_FRAMEWORK_HEADER = YES;
				CLANG_WARN_RANGE_LOOP_ANALYSIS = YES;
				CLANG_WARN_STRICT_PROTOTYPES = YES;
				CLANG_WARN_SUSPICIOUS_MOVE = YES;
				CLANG_WARN_UNGUARDED_AVAILABILITY = YES_AGGRESSIVE;
				CLANG_WARN_UNREACHABLE_CODE = YES;
				CLANG_WARN__DUPLICATE_METHOD_MATCH = YES;
				COPY_PHASE_STRIP = NO;
				DEBUG_INFORMATION_FORMAT = "dwarf-with-dsym";
				ENABLE_NS_ASSERTIONS = NO;
				ENABLE_STRICT_OBJC_MSGSEND = YES;
				GCC_C_LANGUAGE_STANDARD = gnu11;
				GCC_NO_COMMON_BLOCKS = YES;
				GCC_WARN_64_TO_32_BIT_CONVERSION = YES;
				GCC_WARN_ABOUT_RETURN_TYPE = YES_ERROR;
				GCC_WARN_UNDECLARED_SELECTOR = YES;
				GCC_WARN_UNINITIALIZED_AUTOS = YES_AGGRESSIVE;
				GCC_WARN_UNUSED_FUNCTION = YES;
				GCC_WARN_UNUSED_VARIABLE = YES;
				IPHONEOS_DEPLOYMENT_TARGET = 18.0;
				MTL_ENABLE_DEBUG_INFO = NO;
				MTL_FAST_MATH = YES;
				PRODUCT_NAME = "$(TARGET_NAME)";
				SDKROOT = iphoneos;
				SWIFT_COMPILATION_MODE = wholemodule;
				SWIFT_OPTIMIZATION_LEVEL = "-O";
				SWIFT_VERSION = 5.0;
			};
			name = Release;
		};
		8BCC2FE9436C53DE98C85EB9 /* Debug */ = {
			isa = XCBuildConfiguration;
			buildSettings = {
				ASSETCATALOG_COMPILER_APPICON_NAME = AppIcon;
				CODE_SIGN_IDENTITY = "iPhone Developer";
				DEVELOPMENT_TEAM = JRZKVR9C95;
				INFOPLIST_FILE = EarTranslator/Info.plist;
				IPHONEOS_DEPLOYMENT_TARGET = 18.0;
				LD_RUNPATH_SEARCH_PATHS = (
					"$(inherited)",
					"@executable_path/Frameworks",
				);
				PRODUCT_BUNDLE_IDENTIFIER = com.earapp.EarTranslator;
				SDKROOT = iphoneos;
				SWIFT_VERSION = 5.9;
				TARGETED_DEVICE_FAMILY = 1;
			};
			name = Debug;
		};
/* End XCBuildConfiguration section */

/* Begin XCConfigurationList section */
		5F448C3B4DEB65C2E2E2C9AC /* Build configuration list for PBXProject "EarTranslator" */ = {
			isa = XCConfigurationList;
			buildConfigurations = (
				0CD7FC061193CA5BACF6CF8A /* Debug */,
				67B6EE75ABA7EC7944372BD3 /* Release */,
			);
			defaultConfigurationIsVisible = 0;
			defaultConfigurationName = Debug;
		};
		6E14614147AE15CB1DCC60A8 /* Build configuration list for PBXNativeTarget "EarTranslator" */ = {
			isa = XCConfigurationList;
			buildConfigurations = (
				8BCC2FE9436C53DE98C85EB9 /* Debug */,
				497B3361D954F2AE56D801DC /* Release */,
			);
			defaultConfigurationIsVisible = 0;
			defaultConfigurationName = Debug;
		};
/* End XCConfigurationList section */
	};
	rootObject = 37195F08AAF8ED635A307674 /* Project object */;
}
